lockfileVersion: '9.0'

settings:
  autoInstallPeers: true
  excludeLinksFromLockfile: false

importers:

  .:
    dependencies:
      '@urbit/aura':
        specifier: ^3.0.0
        version: 3.0.0
      '@urbit/http-api':
        specifier: ^3.0.0
        version: 3.0.0
    devDependencies:
      typescript:
        specifier: ^5.9.3
        version: 5.9.3

packages:

  '@babel/runtime@7.28.6':
    resolution: {integrity: sha512-05WQkdpL9COIMz4LjTxGpPNCdlpyimKppYNoJ5Di5EUObifl8t4tuLuUBBZEpoLYOmfvIWrsp9fCl0HoPRVTdA==}
    engines: {node: '>=6.9.0'}

  '@urbit/aura@3.0.0':
    resolution: {integrity: sha512-N8/FHc/lmlMDCumMuTXyRHCxlov5KZY6unmJ9QR2GOw+OpROZMBsXYGwE+ZMtvN21ql9+Xb8KhGNBj08IrG3Wg==}
    engines: {node: '>=16', npm: '>=8'}

  '@urbit/http-api@3.0.0':
    resolution: {integrity: sha512-EmyPbWHWXhfYQ/9wWFcLT53VvCn8ct9ljd6QEe+UBjNPEhUPOFBLpDsDp3iPLQgg8ykSU8JMMHxp95LHCorExA==}

  browser-or-node@1.3.0:
    resolution: {integrity: sha512-0F2z/VSnLbmEeBcUrSuDH5l0HxTXdQQzLjkmBR4cYfvg1zJrKSlmIZFqyFR8oX0NrwPhy3c3HQ6i3OxMbew4Tg==}

  core-js@3.48.0:
    resolution: {integrity: sha512-zpEHTy1fjTMZCKLHUZoVeylt9XrzaIN2rbPXEt0k+q7JE5CkCZdo6bNq55bn24a69CH7ErAVLKijxJja4fw+UQ==}

  typescript@5.9.3:
    resolution: {integrity: sha512-jl1vZzPDinLr9eUt3J/t7V6FgNEw9QjvBPdysz9KfQDD41fQrC2Y4vKQdiaUpFT4bXlb1RHhLpp8wtm6M5TgSw==}
    engines: {node: '>=14.17'}
    hasBin: true

snapshots:

  '@babel/runtime@7.28.6': {}

  '@urbit/aura@3.0.0': {}

  '@urbit/http-api@3.0.0':
    dependencies:
      '@babel/runtime': 7.28.6
      browser-or-node: 1.3.0
      core-js: 3.48.0

  browser-or-node@1.3.0: {}

  core-js@3.48.0: {}

  typescript@5.9.3: {}
